
Microsoft Visual Studio Solution File, Format Version 12.00
# Visual Studio Version 16
VisualStudioVersion = 16.0.34114.132
MinimumVisualStudioVersion = 10.0.40219.1
Project("{FAE04EC0-301F-11D3-BF4B-00C04F79EFBC}") = "TaskLibrary", "TaskLibrary\TaskLibrary.csproj", "{38AAB2DC-6D7B-4726-9724-EA921F504CF4}"
EndProject
Project("{FAE04EC0-301F-11D3-BF4B-00C04F79EFBC}") = "TaskUnitTests", "TaskUnitTests\TaskUnitTests.csproj", "{BBD062AC-343E-43CA-85BE-A1DD7B02BDFF}"
EndProject
Global
	GlobalSection(SolutionConfigurationPlatforms) = preSolution
		Debug|Any CPU = Debug|Any CPU
		Release|Any CPU = Release|Any CPU
	EndGlobalSection
	GlobalSection(ProjectConfigurationPlatforms) = postSolution
		{38AAB2DC-6D7B-4726-9724-EA921F504CF4}.Debug|Any CPU.ActiveCfg = Debug|Any CPU
		{38AAB2DC-6D7B-4726-9724-EA921F504CF4}.Debug|Any CPU.Build.0 = Debug|Any CPU
		{38AAB2DC-6D7B-4726-9724-EA921F504CF4}.Release|Any CPU.ActiveCfg = Release|Any CPU
		{38AAB2DC-6D7B-4726-9724-EA921F504CF4}.Release|Any CPU.Build.0 = Release|Any CPU
		{BBD062AC-343E-43CA-85BE-A1DD7B02BDFF}.Debug|Any CPU.ActiveCfg = Debug|Any CPU
		{BBD062AC-343E-43CA-85BE-A1DD7B02BDFF}.Debug|Any CPU.Build.0 = Debug|Any CPU
		{BBD062AC-343E-43CA-85BE-A1DD7B02BDFF}.Release|Any CPU.ActiveCfg = Release|Any CPU
		{BBD062AC-343E-43CA-85BE-A1DD7B02BDFF}.Release|Any CPU.Build.0 = Release|Any CPU
	EndGlobalSection
	GlobalSection(SolutionProperties) = preSolution
		HideSolutionNode = FALSE
	EndGlobalSection
	GlobalSection(ExtensibilityGlobals) = postSolution
		SolutionGuid = {EAB9A65C-662C-4512-AEC1-915BC258750A}
	EndGlobalSection
EndGlobal
